
Microsoft Visual Studio Solution File, Format Version 12.00
# Visual Studio Version 17
VisualStudioVersion = 17.7.34031.279
MinimumVisualStudioVersion = 10.0.40219.1
Project("{FAE04EC0-301F-11D3-BF4B-00C04F79EFBC}") = "AlgoLab1", "AlgoLab1.csproj", "{702998E1-2CD1-4F84-9C82-448120FCDD25}"
EndProject
Global
	GlobalSection(SolutionConfigurationPlatforms) = preSolution
		Debug|Any CPU = Debug|Any CPU
		Release|Any CPU = Release|Any CPU
	EndGlobalSection
	GlobalSection(ProjectConfigurationPlatforms) = postSolution
		{702998E1-2CD1-4F84-9C82-448120FCDD25}.Debug|Any CPU.ActiveCfg = Debug|Any CPU
		{702998E1-2CD1-4F84-9C82-448120FCDD25}.Debug|Any CPU.Build.0 = Debug|Any CPU
		{702998E1-2CD1-4F84-9C82-448120FCDD25}.Release|Any CPU.ActiveCfg = Release|Any CPU
		{702998E1-2CD1-4F84-9C82-448120FCDD25}.Release|Any CPU.Build.0 = Release|Any CPU
	EndGlobalSection
	GlobalSection(SolutionProperties) = preSolution
		HideSolutionNode = FALSE
	EndGlobalSection
	GlobalSection(ExtensibilityGlobals) = postSolution
		SolutionGuid = {E3274ABE-DD0F-4A39-B83B-C861E831138A}
	EndGlobalSection
EndGlobal
